# Exact runtime dependencies and hashes from feature-tests/uv.lock.
tqdm==4.67.3 \
    --hash=sha256:ee1e4c0e59148062281c49d80b25b67771a127c85fc9676d3be5f243206826bf \
    --hash=sha256:7d825f03f89244ef73f1d4ce193cb1774a8179fd96f31d7e1dcde62092b960bb
tree-sitter==0.25.2 \
    --hash=sha256:65d3c931013ea798b502782acab986bbf47ba2c452610ab0776cf4a8ef150fc0 \
    --hash=sha256:bda059af9d621918efb813b22fb06b3fe00c3e94079c6143fcb2c565eb44cb87 \
    --hash=sha256:eac4e8e4c7060c75f395feec46421eb61212cb73998dbe004b7384724f3682ab \
    --hash=sha256:260586381b23be33b6191a07cea3d44ecbd6c01aa4c6b027a0439145fcbc3358 \
    --hash=sha256:7d2ee1acbacebe50ba0f85fff1bc05e65d877958f00880f49f9b2af38dce1af0 \
    --hash=sha256:4973b718fcadfb04e59e746abfbb0288694159c6aeecd2add59320c03368c721 \
    --hash=sha256:b8d4429954a3beb3e844e2872610d2a4800ba4eb42bb1990c6a4b1949b18459f \
    --hash=sha256:fe43c158555da46723b28b52e058ad444195afd1db3ca7720c59a254544e9c20
tree-sitter-c==0.24.1 \
    --hash=sha256:9c06ac26a1efdcc8b26a8a6970fbc6997c4071857359e5837d4c42892d45fe1e \
    --hash=sha256:942bcd7cbecd810dcf7ca6f8f834391ebf0771a89479646d891ba4ca2fdfdc88 \
    --hash=sha256:9a74cfd7a11ca5a961fafd4d751892ee65acae667d2818968a6f079397d8d28c \
    --hash=sha256:a6a807705a3978911dc7ee26a7ad36dcfacb6adfc13c190d496660ec9bd66707 \
    --hash=sha256:789781afcb710df34144f7e2a20cd80e325114b9119e3956c6bd1dd2d365df98 \
    --hash=sha256:290bff0f9c79c966496ebae45042f77543e6e4aea725f40587a8611d566231a8 \
    --hash=sha256:d46bbda06f838c2dcb91daf767813671fd366b49ad84ff37db702129267b46e1 \
    --hash=sha256:7d2d0cda0b8dda428c81440c1e94367f9f13548eedca3f49768bde66b1422ad6
z3-solver==4.16.0.0 \
    --hash=sha256:cc52843cfdd3d3f2cd24bedc62e71c18af8c8b7b23fb05e639ab60b01b5f8f2f \
    --hash=sha256:e292df40951523e4ecfbc8dee549d93dee00a3fe4ee4833270d19876b713e210 \
    --hash=sha256:afae2551f795670f0522cfce82132d129c408a2694adff71eb01ba0f2ece44f9 \
    --hash=sha256:358648c3b5ef82b9ec9a25711cf4fc498c7881f03a9f4a2ea6ffa9304ca65d94 \
    --hash=sha256:cc64c4d41fbebe419fccddb044979c3d95b41214547db65eecdaa67fafef7fe0 \
    --hash=sha256:eb5df383cb6a3d6b7767dbdca348ac71f6f41e82f76c9ac42002a1f55e35f462 \
    --hash=sha256:28729eae2c89112e37697acce4d4517f5e44c6c54d36fed9cf914b06f380cbd6 \
    --hash=sha256:263d9ad668966e832c2b246ba0389298a599637793da2dc01cc5e4ef4b0b6c78
